
Microsoft Visual Studio Solution File, Format Version 12.00
# Visual Studio Version 17
VisualStudioVersion = 17.3.32819.101
MinimumVisualStudioVersion = 10.0.40219.1
Project("{FAE04EC0-301F-11D3-BF4B-00C04F79EFBC}") = "Circustrein", "Circustrein\Circustrein.csproj", "{69FC9E41-FAB3-4A77-856A-77D30E713753}"
EndProject
Global
	GlobalSection(SolutionConfigurationPlatforms) = preSolution
		Debug|Any CPU = Debug|Any CPU
		Release|Any CPU = Release|Any CPU
	EndGlobalSection
	GlobalSection(ProjectConfigurationPlatforms) = postSolution
		{69FC9E41-FAB3-4A77-856A-77D30E713753}.Debug|Any CPU.ActiveCfg = Debug|Any CPU
		{69FC9E41-FAB3-4A77-856A-77D30E713753}.Debug|Any CPU.Build.0 = Debug|Any CPU
		{69FC9E41-FAB3-4A77-856A-77D30E713753}.Release|Any CPU.ActiveCfg = Release|Any CPU
		{69FC9E41-FAB3-4A77-856A-77D30E713753}.Release|Any CPU.Build.0 = Release|Any CPU
	EndGlobalSection
	GlobalSection(SolutionProperties) = preSolution
		HideSolutionNode = FALSE
	EndGlobalSection
	GlobalSection(ExtensibilityGlobals) = postSolution
		SolutionGuid = {A000EB31-0BB1-45A8-B5BE-34296F34ED3B}
	EndGlobalSection
EndGlobal
